lockfileVersion: 5.3

importers:

  .:
    specifiers:
      prettier: ^2.6.2
      prettier-plugin-svelte: ^2.7.0
      svelte: ^3.47.0
    devDependencies:
      prettier: 2.6.2
      prettier-plugin-svelte: 2.7.0_prettier@2.6.2+svelte@3.47.0
      svelte: 3.47.0

packages:

  /prettier-plugin-svelte/2.7.0_prettier@2.6.2+svelte@3.47.0:
    resolution: {integrity: sha512-fQhhZICprZot2IqEyoiUYLTRdumULGRvw0o4dzl5jt0jfzVWdGqeYW27QTWAeXhoupEZJULmNoH3ueJwUWFLIA==}
    peerDependencies:
      prettier: ^1.16.4 || ^2.0.0
      svelte: ^3.2.0
    dependencies:
      prettier: 2.6.2
      svelte: 3.47.0
    dev: true

  /prettier/2.6.2:
    resolution: {integrity: sha512-PkUpF+qoXTqhOeWL9fu7As8LXsIUZ1WYaJiY/a7McAQzxjk82OF0tibkFXVCDImZtWxbvojFjerkiLb0/q8mew==}
    engines: {node: '>=10.13.0'}
    hasBin: true
    dev: true

  /svelte/3.47.0:
    resolution: {integrity: sha512-4JaJp3HEoTCGARRWZQIZDUanhYv0iyoHikklVHVLH9xFE9db22g4TDv7CPeNA8HD1JgjXI1vlhR1JZvvhaTu2Q==}
    engines: {node: '>= 8'}
    dev: true
